
Microsoft Visual Studio Solution File, Format Version 12.00
# Visual Studio 15
VisualStudioVersion = 15.0.28010.2003
MinimumVisualStudioVersion = 10.0.40219.1
Project("{FAE04EC0-301F-11D3-BF4B-00C04F79EFBC}") = "Laboratorio_LINQ_MVC_CALLE", "Laboratorio_LINQ_MVC_CALLE\Laboratorio_LINQ_MVC_CALLE.csproj", "{6DDED84F-AD5D-4FFD-A503-CC5004B5ACD7}"
EndProject
Global
	GlobalSection(SolutionConfigurationPlatforms) = preSolution
		Debug|Any CPU = Debug|Any CPU
		Release|Any CPU = Release|Any CPU
	EndGlobalSection
	GlobalSection(ProjectConfigurationPlatforms) = postSolution
		{6DDED84F-AD5D-4FFD-A503-CC5004B5ACD7}.Debug|Any CPU.ActiveCfg = Debug|Any CPU
		{6DDED84F-AD5D-4FFD-A503-CC5004B5ACD7}.Debug|Any CPU.Build.0 = Debug|Any CPU
		{6DDED84F-AD5D-4FFD-A503-CC5004B5ACD7}.Release|Any CPU.ActiveCfg = Release|Any CPU
		{6DDED84F-AD5D-4FFD-A503-CC5004B5ACD7}.Release|Any CPU.Build.0 = Release|Any CPU
	EndGlobalSection
	GlobalSection(SolutionProperties) = preSolution
		HideSolutionNode = FALSE
	EndGlobalSection
	GlobalSection(ExtensibilityGlobals) = postSolution
		SolutionGuid = {370DB521-51A6-47E6-B2F5-FABB9F63A650}
	EndGlobalSection
EndGlobal
