
Microsoft Visual Studio Solution File, Format Version 12.00
# Visual Studio 15
VisualStudioVersion = 15.0.28010.2003
MinimumVisualStudioVersion = 10.0.40219.1
Project("{FAE04EC0-301F-11D3-BF4B-00C04F79EFBC}") = "Laboratiorio1_MVC_CALLE", "Laboratiorio1_MVC_CALLE\Laboratiorio1_MVC_CALLE.csproj", "{66DF7994-326E-42D4-9294-335CB5F60D4A}"
EndProject
Global
	GlobalSection(SolutionConfigurationPlatforms) = preSolution
		Debug|Any CPU = Debug|Any CPU
		Release|Any CPU = Release|Any CPU
	EndGlobalSection
	GlobalSection(ProjectConfigurationPlatforms) = postSolution
		{66DF7994-326E-42D4-9294-335CB5F60D4A}.Debug|Any CPU.ActiveCfg = Debug|Any CPU
		{66DF7994-326E-42D4-9294-335CB5F60D4A}.Debug|Any CPU.Build.0 = Debug|Any CPU
		{66DF7994-326E-42D4-9294-335CB5F60D4A}.Release|Any CPU.ActiveCfg = Release|Any CPU
		{66DF7994-326E-42D4-9294-335CB5F60D4A}.Release|Any CPU.Build.0 = Release|Any CPU
	EndGlobalSection
	GlobalSection(SolutionProperties) = preSolution
		HideSolutionNode = FALSE
	EndGlobalSection
	GlobalSection(ExtensibilityGlobals) = postSolution
		SolutionGuid = {6B2DF17E-6135-4A6D-A641-F92A04DD3978}
	EndGlobalSection
EndGlobal
