
Microsoft Visual Studio Solution File, Format Version 12.00
# Visual Studio 15
VisualStudioVersion = 15.0.28010.2003
MinimumVisualStudioVersion = 10.0.40219.1
Project("{FAE04EC0-301F-11D3-BF4B-00C04F79EFBC}") = "Trabajo_Unidad_I", "Trabajo_Unidad_I\Trabajo_Unidad_I.csproj", "{136C88A4-979A-48AC-8F4A-742D5C17D175}"
EndProject
Global
	GlobalSection(SolutionConfigurationPlatforms) = preSolution
		Debug|Any CPU = Debug|Any CPU
		Release|Any CPU = Release|Any CPU
	EndGlobalSection
	GlobalSection(ProjectConfigurationPlatforms) = postSolution
		{136C88A4-979A-48AC-8F4A-742D5C17D175}.Debug|Any CPU.ActiveCfg = Debug|Any CPU
		{136C88A4-979A-48AC-8F4A-742D5C17D175}.Debug|Any CPU.Build.0 = Debug|Any CPU
		{136C88A4-979A-48AC-8F4A-742D5C17D175}.Release|Any CPU.ActiveCfg = Release|Any CPU
		{136C88A4-979A-48AC-8F4A-742D5C17D175}.Release|Any CPU.Build.0 = Release|Any CPU
	EndGlobalSection
	GlobalSection(SolutionProperties) = preSolution
		HideSolutionNode = FALSE
	EndGlobalSection
	GlobalSection(ExtensibilityGlobals) = postSolution
		SolutionGuid = {6E9EF339-5EBD-413B-97C5-98CF05B2CB87}
	EndGlobalSection
EndGlobal
